
Microsoft Visual Studio Solution File, Format Version 12.00
# Visual Studio Version 17
VisualStudioVersion = 17.9.34728.123
MinimumVisualStudioVersion = 10.0.40219.1
Project("{9A19103F-16F7-4668-BE54-9A1E7A4F7556}") = "TableParser", "TableParser.csproj", "{049DE04C-C5D8-4397-9753-B037723E9C2B}"
EndProject
Global
	GlobalSection(SolutionConfigurationPlatforms) = preSolution
		Debug|Any CPU = Debug|Any CPU
		Release|Any CPU = Release|Any CPU
	EndGlobalSection
	GlobalSection(ProjectConfigurationPlatforms) = postSolution
		{049DE04C-C5D8-4397-9753-B037723E9C2B}.Debug|Any CPU.ActiveCfg = Debug|Any CPU
		{049DE04C-C5D8-4397-9753-B037723E9C2B}.Debug|Any CPU.Build.0 = Debug|Any CPU
		{049DE04C-C5D8-4397-9753-B037723E9C2B}.Release|Any CPU.ActiveCfg = Release|Any CPU
		{049DE04C-C5D8-4397-9753-B037723E9C2B}.Release|Any CPU.Build.0 = Release|Any CPU
	EndGlobalSection
	GlobalSection(SolutionProperties) = preSolution
		HideSolutionNode = FALSE
	EndGlobalSection
	GlobalSection(ExtensibilityGlobals) = postSolution
		SolutionGuid = {DD8C6B80-2DA5-43DD-AD7C-85C9C2342E91}
	EndGlobalSection
EndGlobal
